
Microsoft Visual Studio Solution File, Format Version 12.00
# Visual Studio Version 17
VisualStudioVersion = 17.2.32616.157
MinimumVisualStudioVersion = 10.0.40219.1
Project("{9A19103F-16F7-4668-BE54-9A1E7A4F7556}") = "whoampersandi", "whoampersandi\whoampersandi.csproj", "{FE02066C-624B-41CC-B652-210E416F6607}"
EndProject
Global
	GlobalSection(SolutionConfigurationPlatforms) = preSolution
		Debug|Any CPU = Debug|Any CPU
		Release|Any CPU = Release|Any CPU
	EndGlobalSection
	GlobalSection(ProjectConfigurationPlatforms) = postSolution
		{FE02066C-624B-41CC-B652-210E416F6607}.Debug|Any CPU.ActiveCfg = Debug|Any CPU
		{FE02066C-624B-41CC-B652-210E416F6607}.Debug|Any CPU.Build.0 = Debug|Any CPU
		{FE02066C-624B-41CC-B652-210E416F6607}.Release|Any CPU.ActiveCfg = Release|Any CPU
		{FE02066C-624B-41CC-B652-210E416F6607}.Release|Any CPU.Build.0 = Release|Any CPU
	EndGlobalSection
	GlobalSection(SolutionProperties) = preSolution
		HideSolutionNode = FALSE
	EndGlobalSection
	GlobalSection(ExtensibilityGlobals) = postSolution
		SolutionGuid = {F725EC6E-D506-43DF-8518-7BBE6C66D3C3}
	EndGlobalSection
EndGlobal
